
Microsoft Visual Studio Solution File, Format Version 12.00
# Visual Studio Version 17
VisualStudioVersion = 17.3.32929.385
MinimumVisualStudioVersion = 10.0.40219.1
Project("{FAE04EC0-301F-11D3-BF4B-00C04F79EFBC}") = "final_projectCB", "final_projectCB.csproj", "{EE1CD1BD-6C83-4360-BAB1-FD48C834B180}"
EndProject
Global
	GlobalSection(SolutionConfigurationPlatforms) = preSolution
		Debug|Any CPU = Debug|Any CPU
		Release|Any CPU = Release|Any CPU
	EndGlobalSection
	GlobalSection(ProjectConfigurationPlatforms) = postSolution
		{EE1CD1BD-6C83-4360-BAB1-FD48C834B180}.Debug|Any CPU.ActiveCfg = Debug|Any CPU
		{EE1CD1BD-6C83-4360-BAB1-FD48C834B180}.Debug|Any CPU.Build.0 = Debug|Any CPU
		{EE1CD1BD-6C83-4360-BAB1-FD48C834B180}.Release|Any CPU.ActiveCfg = Release|Any CPU
		{EE1CD1BD-6C83-4360-BAB1-FD48C834B180}.Release|Any CPU.Build.0 = Release|Any CPU
	EndGlobalSection
	GlobalSection(SolutionProperties) = preSolution
		HideSolutionNode = FALSE
	EndGlobalSection
	GlobalSection(ExtensibilityGlobals) = postSolution
		SolutionGuid = {64926D62-5D05-4EE4-998D-80A87DA49D58}
	EndGlobalSection
EndGlobal
